<?xml version="1.0" encoding="utf-8"?>
<Project ToolsVersion="4.0" xmlns="http://schemas.microsoft.com/developer/msbuild/2003">
  <ItemGroup>
    <Filter Include="Source Files">
      <UniqueIdentifier>{4FC737F1-C7A5-4376-A066-2A32D752A2FF}</UniqueIdentifier>
      <Extensions>cpp;c;cc;cxx;def;odl;idl;hpj;bat;asm;asmx</Extensions>
    </Filter>
    <Filter Include="Header Files">
      <UniqueIdentifier>{93995380-89BD-4b04-88EB-625FBE52EBFB}</UniqueIdentifier>
      <Extensions>h;hh;hpp;hxx;hm;inl;inc;ipp;xsd</Extensions>
    </Filter>
    <Filter Include="Resource Files">
      <UniqueIdentifier>{67DA6AB6-F800-4c08-8B7A-83BB121AAD01}</UniqueIdentifier>
      <Extensions>rc;ico;cur;bmp;dlg;rc2;rct;bin;rgs;gif;jpg;jpeg;jpe;resx;tiff;tif;png;wav;mfcribbon-ms</Extensions>
    </Filter>
  </ItemGroup>
  <ItemGroup>
    <ClInclude Include="include\chibi\bignum.h">
      <Filter>Header Files</Filter>
    </ClInclude>
    <ClInclude Include="include\chibi\eval.h">
      <Filter>Header Files</Filter>
    </ClInclude>
    <ClInclude Include="include\chibi\features.h">
      <Filter>Header Files</Filter>
    </ClInclude>
    <ClInclude Include="include\chibi\gc_heap.h">
      <Filter>Header Files</Filter>
    </ClInclude>
    <ClInclude Include="include\chibi\sexp-huff.h">
      <Filter>Header Files</Filter>
    </ClInclude>
    <ClInclude Include="include\chibi\sexp-hufftabdefs.h">
      <Filter>Header Files</Filter>
    </ClInclude>
    <ClInclude Include="include\chibi\sexp-hufftabs.h">
      <Filter>Header Files</Filter>
    </ClInclude>
    <ClInclude Include="include\chibi\sexp-unhuff.h">
      <Filter>Header Files</Filter>
    </ClInclude>
    <ClInclude Include="include\chibi\sexp.h">
      <Filter>Header Files</Filter>
    </ClInclude>
  </ItemGroup>
  <ItemGroup>
    <ClCompile Include="bignum.c">
      <Filter>Source Files</Filter>
    </ClCompile>
    <ClCompile Include="clib.c">
      <Filter>Source Files</Filter>
    </ClCompile>
    <ClCompile Include="eval.c">
      <Filter>Source Files</Filter>
    </ClCompile>
    <ClCompile Include="gc.c">
      <Filter>Source Files</Filter>
    </ClCompile>
    <ClCompile Include="gc_heap.c">
      <Filter>Source Files</Filter>
    </ClCompile>
    <ClCompile Include="opcodes.c">
      <Filter>Source Files</Filter>
    </ClCompile>
    <ClCompile Include="sexp.c">
      <Filter>Source Files</Filter>
    </ClCompile>
    <ClCompile Include="vm.c">
      <Filter>Source Files</Filter>
    </ClCompile>
    <ClCompile Include="simplify.c">
      <Filter>Source Files</Filter>
    </ClCompile>
  </ItemGroup>
</Project>